Microsoft Visual Studio Solution File, Format Version 11.00
# Visual Studio 2008

Project("{3440C44F-6783-A0D7-B7F3-B0902F4E132E}") = "testClient", "Assembly-CSharp.csproj", "{9BF98917-54CD-3224-C182-203AD7C06E81}"
EndProject
Project("{3440C44F-6783-A0D7-B7F3-B0902F4E132E}") = "testClient", "Assembly-CSharp-Editor.csproj", "{772E875E-E49E-A510-C911-7E32CD28B978}"
EndProject
Global
	GlobalSection(SolutionConfigurationPlatforms) = preSolution
		Debug|Any CPU = Debug|Any CPU
		Release|Any CPU = Release|Any CPU
	EndGlobalSection
	GlobalSection(ProjectConfigurationPlatforms) = postSolution
		{9BF98917-54CD-3224-C182-203AD7C06E81}.Debug|Any CPU.ActiveCfg = Debug|Any CPU
		{9BF98917-54CD-3224-C182-203AD7C06E81}.Debug|Any CPU.Build.0 = Debug|Any CPU
		{9BF98917-54CD-3224-C182-203AD7C06E81}.Release|Any CPU.ActiveCfg = Release|Any CPU
		{9BF98917-54CD-3224-C182-203AD7C06E81}.Release|Any CPU.Build.0 = Release|Any CPU
		{772E875E-E49E-A510-C911-7E32CD28B978}.Debug|Any CPU.ActiveCfg = Debug|Any CPU
		{772E875E-E49E-A510-C911-7E32CD28B978}.Debug|Any CPU.Build.0 = Debug|Any CPU
		{772E875E-E49E-A510-C911-7E32CD28B978}.Release|Any CPU.ActiveCfg = Release|Any CPU
		{772E875E-E49E-A510-C911-7E32CD28B978}.Release|Any CPU.Build.0 = Release|Any CPU
	EndGlobalSection
	GlobalSection(SolutionProperties) = preSolution
		HideSolutionNode = FALSE
	EndGlobalSection
	GlobalSection(MonoDevelopProperties) = preSolution
		StartupItem = Assembly-CSharp.csproj
	EndGlobalSection
EndGlobal
